// !$*UTF8*$!
{
	archiveVersion = 1;
	classes = {
	};
	objectVersion = 50;
	objects = {

/* Begin PBXBuildFile section */
		EA4DF3EA24668DB40067EFDC /* AppDelegate.swift in Sources */ = {isa = PBXBuildFile; fileRef = EA4DF3E924668DB40067EFDC /* AppDelegate.swift */; };
		EA4DF3EC24668DB40067EFDC /* SceneDelegate.swift in Sources */ = {isa = PBXBuildFile; fileRef = EA4DF3EB24668DB40067EFDC /* SceneDelegate.swift */; };
		EA4DF3EE24668DB40067EFDC /* ViewController.swift in Sources */ = {isa = PBXBuildFile; fileRef = EA4DF3ED24668DB40067EFDC /* ViewController.swift */; };
		EA4DF3F124668DB40067EFDC /* Main.storyboard in Resources */ = {isa = PBXBuildFile; fileRef = EA4DF3EF24668DB40067EFDC /* Main.storyboard */; };
		EA4DF3F324668DB60067EFDC /* Assets.xcassets in Resources */ = {isa = PBXBuildFile; fileRef = EA4DF3F224668DB60067EFDC /* Assets.xcassets */; };
		EA4DF3F624668DB60067EFDC /* LaunchScreen.storyboard in Resources */ = {isa = PBXBuildFile; fileRef = EA4DF3F424668DB60067EFDC /* LaunchScreen.storyboard */; };
		EA4DF3FE246695AA0067EFDC /* ModelClass.swift in Sources */ = {isa = PBXBuildFile; fileRef = EA4DF3FD246695AA0067EFDC /* ModelClass.swift */; };
		EA4DF400246695ED0067EFDC /* Card.swift in Sources */ = {isa = PBXBuildFile; fileRef = EA4DF3FF246695ED0067EFDC /* Card.swift */; };
/* End PBXBuildFile section */

/* Begin PBXFileReference section */
		EA4DF3E624668DB40067EFDC /* AssigmentByStanford.app */ = {isa = PBXFileReference; explicitFileType = wrapper.application; includeInIndex = 0; path = AssigmentByStanford.app; sourceTree = BUILT_PRODUCTS_DIR; };
		EA4DF3E924668DB40067EFDC /* AppDelegate.swift */ = {isa = PBXFileReference; lastKnownFileType = sourcecode.swift; path = AppDelegate.swift; sourceTree = "<group>"; };
		EA4DF3EB24668DB40067EFDC /* SceneDelegate.swift */ = {isa = PBXFileReference; lastKnownFileType = sourcecode.swift; path = SceneDelegate.swift; sourceTree = "<group>"; };
		EA4DF3ED24668DB40067EFDC /* ViewController.swift */ = {isa = PBXFileReference; lastKnownFileType = sourcecode.swift; path = ViewController.swift; sourceTree = "<group>"; };
		EA4DF3F024668DB40067EFDC /* Base */ = {isa = PBXFileReference; lastKnownFileType = file.storyboard; name = Base; path = Base.lproj/Main.storyboard; sourceTree = "<group>"; };
		EA4DF3F224668DB60067EFDC /* Assets.xcassets */ = {isa = PBXFileReference; lastKnownFileType = folder.assetcatalog; path = Assets.xcassets; sourceTree = "<group>"; };
		EA4DF3F524668DB60067EFDC /* Base */ = {isa = PBXFileReference; lastKnownFileType = file.storyboard; name = Base; path = Base.lproj/LaunchScreen.storyboard; sourceTree = "<group>"; };
		EA4DF3F724668DB60067EFDC /* Info.plist */ = {isa = PBXFileReference; lastKnownFileType = text.plist.xml; path = Info.plist; sourceTree = "<group>"; };
		EA4DF3FD246695AA0067EFDC /* ModelClass.swift */ = {isa = PBXFileReference; lastKnownFileType = sourcecode.swift; path = ModelClass.swift; sourceTree = "<group>"; };
		EA4DF3FF246695ED0067EFDC /* Card.swift */ = {isa = PBXFileReference; lastKnownFileType = sourcecode.swift; path = Card.swift; sourceTree = "<group>"; };
/* End PBXFileReference section */

/* Begin PBXFrameworksBuildPhase section */
		EA4DF3E324668DB40067EFDC /* Frameworks */ = {
			isa = PBXFrameworksBuildPhase;
			buildActionMask = 2147483647;
			files = (
			);
			runOnlyForDeploymentPostprocessing = 0;
		};
/* End PBXFrameworksBuildPhase section */

/* Begin PBXGroup section */
		EA4DF3DD24668DB40067EFDC = {
			isa = PBXGroup;
			children = (
				EA4DF3E824668DB40067EFDC /* AssigmentByStanford */,
				EA4DF3E724668DB40067EFDC /* Products */,
			);
			sourceTree = "<group>";
		};
		EA4DF3E724668DB40067EFDC /* Products */ = {
			isa = PBXGroup;
			children = (
				EA4DF3E624668DB40067EFDC /* AssigmentByStanford.app */,
			);
			name = Products;
			sourceTree = "<group>";
		};
		EA4DF3E824668DB40067EFDC /* AssigmentByStanford */ = {
			isa = PBXGroup;
			children = (
				EA4DF3E924668DB40067EFDC /* AppDelegate.swift */,
				EA4DF3EB24668DB40067EFDC /* SceneDelegate.swift */,
				EA4DF3ED24668DB40067EFDC /* ViewController.swift */,
				EA4DF3EF24668DB40067EFDC /* Main.storyboard */,
				EA4DF3FD246695AA0067EFDC /* ModelClass.swift */,
				EA4DF3FF246695ED0067EFDC /* Card.swift */,
				EA4DF3F224668DB60067EFDC /* Assets.xcassets */,
				EA4DF3F424668DB60067EFDC /* LaunchScreen.storyboard */,
				EA4DF3F724668DB60067EFDC /* Info.plist */,
			);
			path = AssigmentByStanford;
			sourceTree = "<group>";
		};
/* End PBXGroup section */

/* Begin PBXNativeTarget section */
		EA4DF3E524668DB40067EFDC /* AssigmentByStanford */ = {
			isa = PBXNativeTarget;
			buildConfigurationList = EA4DF3FA24668DB60067EFDC /* Build configuration list for PBXNativeTarget "AssigmentByStanford" */;
			buildPhases = (
				EA4DF3E224668DB40067EFDC /* Sources */,
				EA4DF3E324668DB40067EFDC /* Frameworks */,
				EA4DF3E424668DB40067EFDC /* Resources */,
			);
			buildRules = (
			);
			dependencies = (
			);
			name = AssigmentByStanford;
			productName = AssigmentByStanford;
			productReference = EA4DF3E624668DB40067EFDC /* AssigmentByStanford.app */;
			productType = "com.apple.product-type.application";
		};
/* End PBXNativeTarget section */

/* Begin PBXProject section */
		EA4DF3DE24668DB40067EFDC /* Project object */ = {
			isa = PBXProject;
			attributes = {
				LastSwiftUpdateCheck = 1120;
				LastUpgradeCheck = 1120;
				ORGANIZATIONNAME = "Temp-Kiran";
				TargetAttributes = {
					EA4DF3E524668DB40067EFDC = {
						CreatedOnToolsVersion = 11.2.1;
					};
				};
			};
			buildConfigurationList = EA4DF3E124668DB40067EFDC /* Build configuration list for PBXProject "AssigmentByStanford" */;
			compatibilityVersion = "Xcode 9.3";
			developmentRegion = en;
			hasScannedForEncodings = 0;
			knownRegions = (
				en,
				Base,
			);
			mainGroup = EA4DF3DD24668DB40067EFDC;
			productRefGroup = EA4DF3E724668DB40067EFDC /* Products */;
			projectDirPath = "";
			projectRoot = "";
			targets = (
				EA4DF3E524668DB40067EFDC /* AssigmentByStanford */,
			);
		};
/* End PBXProject section */

/* Begin PBXResourcesBuildPhase section */
		EA4DF3E424668DB40067EFDC /* Resources */ = {
			isa = PBXResourcesBuildPhase;
			buildActionMask = 2147483647;
			files = (
				EA4DF3F624668DB60067EFDC /* LaunchScreen.storyboard in Resources */,
				EA4DF3F324668DB60067EFDC /* Assets.xcassets in Resources */,
				EA4DF3F124668DB40067EFDC /* Main.storyboard in Resources */,
			);
			runOnlyForDeploymentPostprocessing = 0;
		};
/* End PBXResourcesBuildPhase section */

/* Begin PBXSourcesBuildPhase section */
		EA4DF3E224668DB40067EFDC /* Sources */ = {
			isa = PBXSourcesBuildPhase;
			buildActionMask = 2147483647;
			files = (
				EA4DF3EE24668DB40067EFDC /* ViewController.swift in Sources */,
				EA4DF3EA24668DB40067EFDC /* AppDelegate.swift in Sources */,
				EA4DF400246695ED0067EFDC /* Card.swift in Sources */,
				EA4DF3FE246695AA0067EFDC /* ModelClass.swift in Sources */,
				EA4DF3EC24668DB40067EFDC /* SceneDelegate.swift in Sources */,
			);
			runOnlyForDeploymentPostprocessing = 0;
		};
/* End PBXSourcesBuildPhase section */

/* Begin PBXVariantGroup section */
		EA4DF3EF24668DB40067EFDC /* Main.storyboard */ = {
			isa = PBXVariantGroup;
			children = (
				EA4DF3F024668DB40067EFDC /* Base */,
			);
			name = Main.storyboard;
			sourceTree = "<group>";
		};
		EA4DF3F424668DB60067EFDC /* LaunchScreen.storyboard */ = {
			isa = PBXVariantGroup;
			children = (
				EA4DF3F524668DB60067EFDC /* Base */,
			);
			name = LaunchScreen.storyboard;
			sourceTree = "<group>";
		};
/* End PBXVariantGroup section */

/* Begin XCBuildConfiguration section */
		EA4DF3F824668DB60067EFDC /* Debug */ = {
			isa = XCBuildConfiguration;
			buildSettings = {
				ALWAYS_SEARCH_USER_PATHS = NO;
				CLANG_ANALYZER_NONNULL = YES;
				CLANG_ANALYZER_NUMBER_OBJECT_CONVERSION = YES_AGGRESSIVE;
				CLANG_CXX_LANGUAGE_STANDARD = "gnu++14";
				CLANG_CXX_LIBRARY = "libc++";
				CLANG_ENABLE_MODULES = YES;
				CLANG_ENABLE_OBJC_ARC = YES;
				CLANG_ENABLE_OBJC_WEAK = YES;
				CLANG_WARN_BLOCK_CAPTURE_AUTORELEASING = YES;
				CLANG_WARN_BOOL_CONVERSION = YES;
				CLANG_WARN_COMMA = YES;
				CLANG_WARN_CONSTANT_CONVERSION = YES;
				CLANG_WARN_DEPRECATED_OBJC_IMPLEMENTATIONS = YES;
				CLANG_WARN_DIRECT_OBJC_ISA_USAGE = YES_ERROR;
				CLANG_WARN_DOCUMENTATION_COMMENTS = YES;
				CLANG_WARN_EMPTY_BODY = YES;
				CLANG_WARN_ENUM_CONVERSION = YES;
				CLANG_WARN_INFINITE_RECURSION = YES;
				CLANG_WARN_INT_CONVERSION = YES;
				CLANG_WARN_NON_LITERAL_NULL_CONVERSION = YES;
				CLANG_WARN_OBJC_IMPLICIT_RETAIN_SELF = YES;
				CLANG_WARN_OBJC_LITERAL_CONVERSION = YES;
				CLANG_WARN_OBJC_ROOT_CLASS = YES_ERROR;
				CLANG_WARN_RANGE_LOOP_ANALYSIS = YES;
				CLANG_WARN_STRICT_PROTOTYPES = YES;
				CLANG_WARN_SUSPICIOUS_MOVE = YES;
				CLANG_WARN_UNGUARDED_AVAILABILITY = YES_AGGRESSIVE;
				CLANG_WARN_UNREACHABLE_CODE = YES;
				CLANG_WARN__DUPLICATE_METHOD_MATCH = YES;
				COPY_PHASE_STRIP = NO;
				DEBUG_INFORMATION_FORMAT = dwarf;
				ENABLE_STRICT_OBJC_MSGSEND = YES;
				ENABLE_TESTABILITY = YES;
				GCC_C_LANGUAGE_STANDARD = gnu11;
				GCC_DYNAMIC_NO_PIC = NO;
				GCC_NO_COMMON_BLOCKS = YES;
				GCC_OPTIMIZATION_LEVEL = 0;
				GCC_PREPROCESSOR_DEFINITIONS = (
					"DEBUG=1",
					"$(inherited)",
				);
				GCC_WARN_64_TO_32_BIT_CONVERSION = YES;
				GCC_WARN_ABOUT_RETURN_TYPE = YES_ERROR;
				GCC_WARN_UNDECLARED_SELECTOR = YES;
				GCC_WARN_UNINITIALIZED_AUTOS = YES_AGGRESSIVE;
				GCC_WARN_UNUSED_FUNCTION = YES;
				GCC_WARN_UNUSED_VARIABLE = YES;
				IPHONEOS_DEPLOYMENT_TARGET = 13.2;
				MTL_ENABLE_DEBUG_INFO = INCLUDE_SOURCE;
				MTL_FAST_MATH = YES;
				ONLY_ACTIVE_ARCH = YES;
				SDKROOT = iphoneos;
				SWIFT_ACTIVE_COMPILATION_CONDITIONS = DEBUG;
				SWIFT_OPTIMIZATION_LEVEL = "-Onone";
			};
			name = Debug;
		};
		EA4DF3F924668DB60067EFDC /* Release */ = {
			isa = XCBuildConfiguration;
			buildSettings = {
				ALWAYS_SEARCH_USER_PATHS = NO;
				CLANG_ANALYZER_NONNULL = YES;
				CLANG_ANALYZER_NUMBER_OBJECT_CONVERSION = YES_AGGRESSIVE;
				CLANG_CXX_LANGUAGE_STANDARD = "gnu++14";
				CLANG_CXX_LIBRARY = "libc++";
				CLANG_ENABLE_MODULES = YES;
				CLANG_ENABLE_OBJC_ARC = YES;
				CLANG_ENABLE_OBJC_WEAK = YES;
				CLANG_WARN_BLOCK_CAPTURE_AUTORELEASING = YES;
				CLANG_WARN_BOOL_CONVERSION = YES;
				CLANG_WARN_COMMA = YES;
				CLANG_WARN_CONSTANT_CONVERSION = YES;
				CLANG_WARN_DEPRECATED_OBJC_IMPLEMENTATIONS = YES;
				CLANG_WARN_DIRECT_OBJC_ISA_USAGE = YES_ERROR;
				CLANG_WARN_DOCUMENTATION_COMMENTS = YES;
				CLANG_WARN_EMPTY_BODY = YES;
				CLANG_WARN_ENUM_CONVERSION = YES;
				CLANG_WARN_INFINITE_RECURSION = YES;
				CLANG_WARN_INT_CONVERSION = YES;
				CLANG_WARN_NON_LITERAL_NULL_CONVERSION = YES;
				CLANG_WARN_OBJC_IMPLICIT_RETAIN_SELF = YES;
				CLANG_WARN_OBJC_LITERAL_CONVERSION = YES;
				CLANG_WARN_OBJC_ROOT_CLASS = YES_ERROR;
				CLANG_WARN_RANGE_LOOP_ANALYSIS = YES;
				CLANG_WARN_STRICT_PROTOTYPES = YES;
				CLANG_WARN_SUSPICIOUS_MOVE = YES;
				CLANG_WARN_UNGUARDED_AVAILABILITY = YES_AGGRESSIVE;
				CLANG_WARN_UNREACHABLE_CODE = YES;
				CLANG_WARN__DUPLICATE_METHOD_MATCH = YES;
				COPY_PHASE_STRIP = NO;
				DEBUG_INFORMATION_FORMAT = "dwarf-with-dsym";
				ENABLE_NS_ASSERTIONS = NO;
				ENABLE_STRICT_OBJC_MSGSEND = YES;
				GCC_C_LANGUAGE_STANDARD = gnu11;
				GCC_NO_COMMON_BLOCKS = YES;
				GCC_WARN_64_TO_32_BIT_CONVERSION = YES;
				GCC_WARN_ABOUT_RETURN_TYPE = YES_ERROR;
				GCC_WARN_UNDECLARED_SELECTOR = YES;
				GCC_WARN_UNINITIALIZED_AUTOS = YES_AGGRESSIVE;
				GCC_WARN_UNUSED_FUNCTION = YES;
				GCC_WARN_UNUSED_VARIABLE = YES;
				IPHONEOS_DEPLOYMENT_TARGET = 13.2;
				MTL_ENABLE_DEBUG_INFO = NO;
				MTL_FAST_MATH = YES;
				SDKROOT = iphoneos;
				SWIFT_COMPILATION_MODE = wholemodule;
				SWIFT_OPTIMIZATION_LEVEL = "-O";
				VALIDATE_PRODUCT = YES;
			};
			name = Release;
		};
		EA4DF3FB24668DB60067EFDC /* Debug */ = {
			isa = XCBuildConfiguration;
			buildSettings = {
				ASSETCATALOG_COMPILER_APPICON_NAME = AppIcon;
				CODE_SIGN_STYLE = Automatic;
				INFOPLIST_FILE = AssigmentByStanford/Info.plist;
				LD_RUNPATH_SEARCH_PATHS = (
					"$(inherited)",
					"@executable_path/Frameworks",
				);
				PRODUCT_BUNDLE_IDENTIFIER = com.example.AssigmentByStanford;
				PRODUCT_NAME = "$(TARGET_NAME)";
				SWIFT_VERSION = 5.0;
				TARGETED_DEVICE_FAMILY = "1,2";
			};
			name = Debug;
		};
		EA4DF3FC24668DB60067EFDC /* Release */ = {
			isa = XCBuildConfiguration;
			buildSettings = {
				ASSETCATALOG_COMPILER_APPICON_NAME = AppIcon;
				CODE_SIGN_STYLE = Automatic;
				INFOPLIST_FILE = AssigmentByStanford/Info.plist;
				LD_RUNPATH_SEARCH_PATHS = (
					"$(inherited)",
					"@executable_path/Frameworks",
				);
				PRODUCT_BUNDLE_IDENTIFIER = com.example.AssigmentByStanford;
				PRODUCT_NAME = "$(TARGET_NAME)";
				SWIFT_VERSION = 5.0;
				TARGETED_DEVICE_FAMILY = "1,2";
			};
			name = Release;
		};
/* End XCBuildConfiguration section */

/* Begin XCConfigurationList section */
		EA4DF3E124668DB40067EFDC /* Build configuration list for PBXProject "AssigmentByStanford" */ = {
			isa = XCConfigurationList;
			buildConfigurations = (
				EA4DF3F824668DB60067EFDC /* Debug */,
				EA4DF3F924668DB60067EFDC /* Release */,
			);
			defaultConfigurationIsVisible = 0;
			defaultConfigurationName = Release;
		};
		EA4DF3FA24668DB60067EFDC /* Build configuration list for PBXNativeTarget "AssigmentByStanford" */ = {
			isa = XCConfigurationList;
			buildConfigurations = (
				EA4DF3FB24668DB60067EFDC /* Debug */,
				EA4DF3FC24668DB60067EFDC /* Release */,
			);
			defaultConfigurationIsVisible = 0;
			defaultConfigurationName = Release;
		};
/* End XCConfigurationList section */
	};
	rootObject = EA4DF3DE24668DB40067EFDC /* Project object */;
}
